
Microsoft Visual Studio Solution File, Format Version 12.00
# Visual Studio Version 16
VisualStudioVersion = 16.0.31624.102
MinimumVisualStudioVersion = 10.0.40219.1
Project("{FAE04EC0-301F-11D3-BF4B-00C04F79EFBC}") = "MedicalRecords.Api", "MedicalRecords.Api\MedicalRecords.Api.csproj", "{DEFE98D4-6F5A-4C5E-8117-051185AF0025}"
EndProject
Global
	GlobalSection(SolutionConfigurationPlatforms) = preSolution
		Debug|Any CPU = Debug|Any CPU
		Release|Any CPU = Release|Any CPU
	EndGlobalSection
	GlobalSection(ProjectConfigurationPlatforms) = postSolution
		{DEFE98D4-6F5A-4C5E-8117-051185AF0025}.Debug|Any CPU.ActiveCfg = Debug|Any CPU
		{DEFE98D4-6F5A-4C5E-8117-051185AF0025}.Debug|Any CPU.Build.0 = Debug|Any CPU
		{DEFE98D4-6F5A-4C5E-8117-051185AF0025}.Release|Any CPU.ActiveCfg = Release|Any CPU
		{DEFE98D4-6F5A-4C5E-8117-051185AF0025}.Release|Any CPU.Build.0 = Release|Any CPU
	EndGlobalSection
	GlobalSection(SolutionProperties) = preSolution
		HideSolutionNode = FALSE
	EndGlobalSection
	GlobalSection(ExtensibilityGlobals) = postSolution
		SolutionGuid = {DBC93A23-2083-4109-B6EA-75021951A4E9}
	EndGlobalSection
EndGlobal
